
Microsoft Visual Studio Solution File, Format Version 12.00
# Visual Studio Version 17
VisualStudioVersion = 17.13.35931.197
MinimumVisualStudioVersion = 10.0.40219.1
Project("{FAE04EC0-301F-11D3-BF4B-00C04F79EFBC}") = "EcdlBookingTest", "..\EcdlBookingTest\EcdlBookingTest.csproj", "{2954233E-F91D-4E79-A5EA-85D50922803A}"
EndProject
Project("{FAE04EC0-301F-11D3-BF4B-00C04F79EFBC}") = "EcdlBooking", "EcdlBooking.csproj", "{ABCE1218-ED64-D97A-67D2-3607FDDC5569}"
EndProject
Project("{2150E333-8FDC-42A3-9474-1A3956D46DE8}") = "Solution Items", "Solution Items", "{6C83A596-D32D-B35F-00DD-F0C99B673980}"
	ProjectSection(SolutionItems) = preProject
		.editorconfig = .editorconfig
	EndProjectSection
EndProject
Global
	GlobalSection(SolutionConfigurationPlatforms) = preSolution
		Debug|Any CPU = Debug|Any CPU
		Release|Any CPU = Release|Any CPU
	EndGlobalSection
	GlobalSection(ProjectConfigurationPlatforms) = postSolution
		{2954233E-F91D-4E79-A5EA-85D50922803A}.Debug|Any CPU.ActiveCfg = Debug|Any CPU
		{2954233E-F91D-4E79-A5EA-85D50922803A}.Debug|Any CPU.Build.0 = Debug|Any CPU
		{2954233E-F91D-4E79-A5EA-85D50922803A}.Release|Any CPU.ActiveCfg = Release|Any CPU
		{2954233E-F91D-4E79-A5EA-85D50922803A}.Release|Any CPU.Build.0 = Release|Any CPU
		{ABCE1218-ED64-D97A-67D2-3607FDDC5569}.Debug|Any CPU.ActiveCfg = Debug|Any CPU
		{ABCE1218-ED64-D97A-67D2-3607FDDC5569}.Debug|Any CPU.Build.0 = Debug|Any CPU
		{ABCE1218-ED64-D97A-67D2-3607FDDC5569}.Release|Any CPU.ActiveCfg = Release|Any CPU
		{ABCE1218-ED64-D97A-67D2-3607FDDC5569}.Release|Any CPU.Build.0 = Release|Any CPU
	EndGlobalSection
	GlobalSection(SolutionProperties) = preSolution
		HideSolutionNode = FALSE
	EndGlobalSection
	GlobalSection(ExtensibilityGlobals) = postSolution
		SolutionGuid = {4A0E2AF3-1E10-4B3E-B26C-C670F1D85360}
	EndGlobalSection
EndGlobal
