
Microsoft Visual Studio Solution File, Format Version 12.00
# Visual Studio Version 17
VisualStudioVersion = 17.14.36401.2 d17.14
MinimumVisualStudioVersion = 10.0.40219.1
Project("{FAE04EC0-301F-11D3-BF4B-00C04F79EFBC}") = "prove", "prove.csproj", "{B38A8085-D50A-4686-84C6-AEF9AA1F6CB8}"
EndProject
Global
	GlobalSection(SolutionConfigurationPlatforms) = preSolution
		Debug|Any CPU = Debug|Any CPU
		Release|Any CPU = Release|Any CPU
	EndGlobalSection
	GlobalSection(ProjectConfigurationPlatforms) = postSolution
		{B38A8085-D50A-4686-84C6-AEF9AA1F6CB8}.Debug|Any CPU.ActiveCfg = Debug|Any CPU
		{B38A8085-D50A-4686-84C6-AEF9AA1F6CB8}.Debug|Any CPU.Build.0 = Debug|Any CPU
		{B38A8085-D50A-4686-84C6-AEF9AA1F6CB8}.Release|Any CPU.ActiveCfg = Release|Any CPU
		{B38A8085-D50A-4686-84C6-AEF9AA1F6CB8}.Release|Any CPU.Build.0 = Release|Any CPU
	EndGlobalSection
	GlobalSection(SolutionProperties) = preSolution
		HideSolutionNode = FALSE
	EndGlobalSection
	GlobalSection(ExtensibilityGlobals) = postSolution
		SolutionGuid = {A7AEBEAD-85BA-4EFC-A2D4-16191C032303}
	EndGlobalSection
EndGlobal
